
Microsoft Visual Studio Solution File, Format Version 12.00
# Visual Studio Version 17
VisualStudioVersion = 17.7.34221.43
MinimumVisualStudioVersion = 10.0.40219.1
Project("{9A19103F-16F7-4668-BE54-9A1E7A4F7556}") = "WingetService", "WingetService\WingetService.csproj", "{B4C704B8-DE47-4387-A4B3-0D43B70B0AF6}"
EndProject
Project("{FAE04EC0-301F-11D3-BF4B-00C04F79EFBC}") = "WingetWmiProvider", "WingetWmiProvider\WingetWmiProvider.csproj", "{3A57E8B9-E7AF-4FC9-BDD6-0EB83822DEEE}"
EndProject
Global
	GlobalSection(SolutionConfigurationPlatforms) = preSolution
		Debug|Any CPU = Debug|Any CPU
		Release|Any CPU = Release|Any CPU
	EndGlobalSection
	GlobalSection(ProjectConfigurationPlatforms) = postSolution
		{B4C704B8-DE47-4387-A4B3-0D43B70B0AF6}.Debug|Any CPU.ActiveCfg = Debug|Any CPU
		{B4C704B8-DE47-4387-A4B3-0D43B70B0AF6}.Debug|Any CPU.Build.0 = Debug|Any CPU
		{B4C704B8-DE47-4387-A4B3-0D43B70B0AF6}.Release|Any CPU.ActiveCfg = Release|Any CPU
		{B4C704B8-DE47-4387-A4B3-0D43B70B0AF6}.Release|Any CPU.Build.0 = Release|Any CPU
		{3A57E8B9-E7AF-4FC9-BDD6-0EB83822DEEE}.Debug|Any CPU.ActiveCfg = Debug|Any CPU
		{3A57E8B9-E7AF-4FC9-BDD6-0EB83822DEEE}.Debug|Any CPU.Build.0 = Debug|Any CPU
		{3A57E8B9-E7AF-4FC9-BDD6-0EB83822DEEE}.Release|Any CPU.ActiveCfg = Release|Any CPU
		{3A57E8B9-E7AF-4FC9-BDD6-0EB83822DEEE}.Release|Any CPU.Build.0 = Release|Any CPU
	EndGlobalSection
	GlobalSection(SolutionProperties) = preSolution
		HideSolutionNode = FALSE
	EndGlobalSection
	GlobalSection(ExtensibilityGlobals) = postSolution
		SolutionGuid = {C3F27553-A453-480C-A013-F2BB2F32EA95}
	EndGlobalSection
EndGlobal
